// !$*UTF8*$!
{
	archiveVersion = 1;
	classes = {
	};
	objectVersion = 56;
	objects = {

/* Begin PBXBuildFile section */
		6245A558F382DB58A8240378 /* Pods_LetsGo.framework in Frameworks */ = {isa = PBXBuildFile; fileRef = 18ABF925E90F109BFB1CA756 /* Pods_LetsGo.framework */; };
		69378AF428EA3B7700593DCC /* LetsGoApp.swift in Sources */ = {isa = PBXBuildFile; fileRef = 69378AF328EA3B7700593DCC /* LetsGoApp.swift */; };
		69378AF628EA3B7700593DCC /* MainView.swift in Sources */ = {isa = PBXBuildFile; fileRef = 69378AF528EA3B7700593DCC /* MainView.swift */; };
		69378AF828EA3B7900593DCC /* Assets.xcassets in Resources */ = {isa = PBXBuildFile; fileRef = 69378AF728EA3B7900593DCC /* Assets.xcassets */; };
		69378B0228EA3B9E00593DCC /* DependencyContainer.swift in Sources */ = {isa = PBXBuildFile; fileRef = 69378B0128EA3B9E00593DCC /* DependencyContainer.swift */; };
		69378B0428EA3BF400593DCC /* EntityProtocol .swift in Sources */ = {isa = PBXBuildFile; fileRef = 69378B0328EA3BF400593DCC /* EntityProtocol .swift */; };
		69378B0728EA3C5800593DCC /* ExploreView.swift in Sources */ = {isa = PBXBuildFile; fileRef = 69378B0628EA3C5800593DCC /* ExploreView.swift */; };
		69378B0C28EA40E900593DCC /* ScaledFont.swift in Sources */ = {isa = PBXBuildFile; fileRef = 69378B0B28EA40E900593DCC /* ScaledFont.swift */; };
		69378B0E28EA434200593DCC /* Size.swift in Sources */ = {isa = PBXBuildFile; fileRef = 69378B0D28EA434200593DCC /* Size.swift */; };
		69378B1328EA572500593DCC /* Alamofire in Frameworks */ = {isa = PBXBuildFile; productRef = 69378B1228EA572500593DCC /* Alamofire */; };
		69378B1628EA576100593DCC /* YelpNetworkingService.swift in Sources */ = {isa = PBXBuildFile; fileRef = 69378B1528EA576100593DCC /* YelpNetworkingService.swift */; };
		69378B1828EA57C500593DCC /* BusinessModel.swift in Sources */ = {isa = PBXBuildFile; fileRef = 69378B1728EA57C500593DCC /* BusinessModel.swift */; };
		69378B1A28EA614D00593DCC /* Endpoints.swift in Sources */ = {isa = PBXBuildFile; fileRef = 69378B1928EA614D00593DCC /* Endpoints.swift */; };
		69378B1C28EA677400593DCC /* BussinessSearchReturnModel.swift in Sources */ = {isa = PBXBuildFile; fileRef = 69378B1B28EA677400593DCC /* BussinessSearchReturnModel.swift */; };
		69378B1E28EA9CE100593DCC /* BusinessListView.swift in Sources */ = {isa = PBXBuildFile; fileRef = 69378B1D28EA9CE100593DCC /* BusinessListView.swift */; };
		69378B2428EAA97900593DCC /* RatingStarView.swift in Sources */ = {isa = PBXBuildFile; fileRef = 69378B2328EAA97900593DCC /* RatingStarView.swift */; };
		69378B2828EAC2D600593DCC /* GoogleService-Info.plist in Resources */ = {isa = PBXBuildFile; fileRef = 69378B2728EAC2D600593DCC /* GoogleService-Info.plist */; };
		69378B3228EB3F3B00593DCC /* LocationService.swift in Sources */ = {isa = PBXBuildFile; fileRef = 69378B3128EB3F3B00593DCC /* LocationService.swift */; };
		6946DC7128EF9E8000D9CB98 /* FirebaseAnalytics in Frameworks */ = {isa = PBXBuildFile; productRef = 6946DC7028EF9E8000D9CB98 /* FirebaseAnalytics */; };
		6946DC7328EF9E8000D9CB98 /* FirebaseAnalyticsOnDeviceConversion in Frameworks */ = {isa = PBXBuildFile; productRef = 6946DC7228EF9E8000D9CB98 /* FirebaseAnalyticsOnDeviceConversion */; };
		6946DC7528EF9E8000D9CB98 /* FirebaseAnalyticsSwift in Frameworks */ = {isa = PBXBuildFile; productRef = 6946DC7428EF9E8000D9CB98 /* FirebaseAnalyticsSwift */; };
		6946DC7728EF9E8000D9CB98 /* FirebaseAnalyticsWithoutAdIdSupport in Frameworks */ = {isa = PBXBuildFile; productRef = 6946DC7628EF9E8000D9CB98 /* FirebaseAnalyticsWithoutAdIdSupport */; };
		6946DC7928EF9E8000D9CB98 /* FirebaseAppCheck in Frameworks */ = {isa = PBXBuildFile; productRef = 6946DC7828EF9E8000D9CB98 /* FirebaseAppCheck */; };
		6946DC7B28EF9E8000D9CB98 /* FirebaseAppDistribution-Beta in Frameworks */ = {isa = PBXBuildFile; productRef = 6946DC7A28EF9E8000D9CB98 /* FirebaseAppDistribution-Beta */; };
		6946DC7D28EF9E8000D9CB98 /* FirebaseAuth in Frameworks */ = {isa = PBXBuildFile; productRef = 6946DC7C28EF9E8000D9CB98 /* FirebaseAuth */; };
		6946DC7F28EF9E8000D9CB98 /* FirebaseAuthCombine-Community in Frameworks */ = {isa = PBXBuildFile; productRef = 6946DC7E28EF9E8000D9CB98 /* FirebaseAuthCombine-Community */; };
		6946DC8128EF9E8000D9CB98 /* FirebaseCrashlytics in Frameworks */ = {isa = PBXBuildFile; productRef = 6946DC8028EF9E8000D9CB98 /* FirebaseCrashlytics */; };
		6946DC8328EF9E8000D9CB98 /* FirebaseDatabase in Frameworks */ = {isa = PBXBuildFile; productRef = 6946DC8228EF9E8000D9CB98 /* FirebaseDatabase */; };
		6946DC8528EF9E8000D9CB98 /* FirebaseDatabaseSwift in Frameworks */ = {isa = PBXBuildFile; productRef = 6946DC8428EF9E8000D9CB98 /* FirebaseDatabaseSwift */; };
		6946DC8728EF9E8000D9CB98 /* FirebaseDynamicLinks in Frameworks */ = {isa = PBXBuildFile; productRef = 6946DC8628EF9E8000D9CB98 /* FirebaseDynamicLinks */; };
		6946DC8928EF9E8000D9CB98 /* FirebaseFirestore in Frameworks */ = {isa = PBXBuildFile; productRef = 6946DC8828EF9E8000D9CB98 /* FirebaseFirestore */; };
		6946DC8B28EF9E8000D9CB98 /* FirebaseFirestoreCombine-Community in Frameworks */ = {isa = PBXBuildFile; productRef = 6946DC8A28EF9E8000D9CB98 /* FirebaseFirestoreCombine-Community */; };
		6946DC8D28EF9E8000D9CB98 /* FirebaseFirestoreSwift in Frameworks */ = {isa = PBXBuildFile; productRef = 6946DC8C28EF9E8000D9CB98 /* FirebaseFirestoreSwift */; };
		6946DC8F28EF9E8000D9CB98 /* FirebaseFunctions in Frameworks */ = {isa = PBXBuildFile; productRef = 6946DC8E28EF9E8000D9CB98 /* FirebaseFunctions */; };
		6946DC9128EF9E8000D9CB98 /* FirebaseFunctionsCombine-Community in Frameworks */ = {isa = PBXBuildFile; productRef = 6946DC9028EF9E8000D9CB98 /* FirebaseFunctionsCombine-Community */; };
		6946DC9328EF9E8000D9CB98 /* FirebaseInAppMessaging-Beta in Frameworks */ = {isa = PBXBuildFile; productRef = 6946DC9228EF9E8000D9CB98 /* FirebaseInAppMessaging-Beta */; };
		6946DC9528EF9E8000D9CB98 /* FirebaseInAppMessagingSwift-Beta in Frameworks */ = {isa = PBXBuildFile; productRef = 6946DC9428EF9E8000D9CB98 /* FirebaseInAppMessagingSwift-Beta */; };
		6946DC9728EF9E8000D9CB98 /* FirebaseInstallations in Frameworks */ = {isa = PBXBuildFile; productRef = 6946DC9628EF9E8000D9CB98 /* FirebaseInstallations */; };
		6946DC9928EF9E8000D9CB98 /* FirebaseMLModelDownloader in Frameworks */ = {isa = PBXBuildFile; productRef = 6946DC9828EF9E8000D9CB98 /* FirebaseMLModelDownloader */; };
		6946DC9B28EF9E8000D9CB98 /* FirebaseMessaging in Frameworks */ = {isa = PBXBuildFile; productRef = 6946DC9A28EF9E8000D9CB98 /* FirebaseMessaging */; };
		6946DC9D28EF9E8000D9CB98 /* FirebasePerformance in Frameworks */ = {isa = PBXBuildFile; productRef = 6946DC9C28EF9E8000D9CB98 /* FirebasePerformance */; };
		6946DC9F28EF9E8000D9CB98 /* FirebaseRemoteConfig in Frameworks */ = {isa = PBXBuildFile; productRef = 6946DC9E28EF9E8000D9CB98 /* FirebaseRemoteConfig */; };
		6946DCA128EF9E8000D9CB98 /* FirebaseRemoteConfigSwift in Frameworks */ = {isa = PBXBuildFile; productRef = 6946DCA028EF9E8000D9CB98 /* FirebaseRemoteConfigSwift */; };
		6946DCA328EF9E8000D9CB98 /* FirebaseStorage in Frameworks */ = {isa = PBXBuildFile; productRef = 6946DCA228EF9E8000D9CB98 /* FirebaseStorage */; };
		6946DCA528EF9E8000D9CB98 /* FirebaseStorageCombine-Community in Frameworks */ = {isa = PBXBuildFile; productRef = 6946DCA428EF9E8000D9CB98 /* FirebaseStorageCombine-Community */; };
		6946DCA828EFC86F00D9CB98 /* PhoneLoginView.swift in Sources */ = {isa = PBXBuildFile; fileRef = 6946DCA728EFC86F00D9CB98 /* PhoneLoginView.swift */; };
		6946DCAA28EFDDBA00D9CB98 /* FirebaseAuthService.swift in Sources */ = {isa = PBXBuildFile; fileRef = 6946DCA928EFDDBA00D9CB98 /* FirebaseAuthService.swift */; };
		694CAC5328EE2AC90061339A /* LetsGoTests.swift in Sources */ = {isa = PBXBuildFile; fileRef = 694CAC5228EE2AC90061339A /* LetsGoTests.swift */; };
		696B424728EBDFC500695C69 /* OpenSans-Bold.ttf in Resources */ = {isa = PBXBuildFile; fileRef = 696B424628EBDFC500695C69 /* OpenSans-Bold.ttf */; };
		696B425628EBDFD800695C69 /* OpenSans-Regular.ttf in Resources */ = {isa = PBXBuildFile; fileRef = 696B424A28EBDFD700695C69 /* OpenSans-Regular.ttf */; };
		696B425728EBDFD800695C69 /* OpenSans-SemiBold.ttf in Resources */ = {isa = PBXBuildFile; fileRef = 696B424B28EBDFD700695C69 /* OpenSans-SemiBold.ttf */; };
		69E577F828F1138A00AA370D /* LocalStorageManager.swift in Sources */ = {isa = PBXBuildFile; fileRef = 69E577F728F1138A00AA370D /* LocalStorageManager.swift */; };
		F27C48F0E43B9D5871C3D80A /* Pods_LetsGoTests.framework in Frameworks */ = {isa = PBXBuildFile; fileRef = A9F387D7AA02FA1CF3C12137 /* Pods_LetsGoTests.framework */; };
		F9D40E6028ED07BC00BCA54B /* Color.swift in Sources */ = {isa = PBXBuildFile; fileRef = F9D40E5F28ED07BC00BCA54B /* Color.swift */; };
		F9D40E6728ED0CF600BCA54B /* Quicksand-Light.ttf in Resources */ = {isa = PBXBuildFile; fileRef = F9D40E6228ED0CF600BCA54B /* Quicksand-Light.ttf */; };
		F9D40E6828ED0CF600BCA54B /* Quicksand-Regular.ttf in Resources */ = {isa = PBXBuildFile; fileRef = F9D40E6328ED0CF600BCA54B /* Quicksand-Regular.ttf */; };
		F9D40E6928ED0CF600BCA54B /* Quicksand-Bold.ttf in Resources */ = {isa = PBXBuildFile; fileRef = F9D40E6428ED0CF600BCA54B /* Quicksand-Bold.ttf */; };
		F9D40E6A28ED0CF600BCA54B /* Quicksand-Medium.ttf in Resources */ = {isa = PBXBuildFile; fileRef = F9D40E6528ED0CF600BCA54B /* Quicksand-Medium.ttf */; };
		F9D40E6B28ED0CF600BCA54B /* Quicksand-SemiBold.ttf in Resources */ = {isa = PBXBuildFile; fileRef = F9D40E6628ED0CF600BCA54B /* Quicksand-SemiBold.ttf */; };
		F9D40E6E28ED0F6A00BCA54B /* CategoryModel.swift in Sources */ = {isa = PBXBuildFile; fileRef = F9D40E6D28ED0F6A00BCA54B /* CategoryModel.swift */; };
/* End PBXBuildFile section */

/* Begin PBXContainerItemProxy section */
		694CAC5428EE2AC90061339A /* PBXContainerItemProxy */ = {
			isa = PBXContainerItemProxy;
			containerPortal = 69378AE828EA3B7700593DCC /* Project object */;
			proxyType = 1;
			remoteGlobalIDString = 69378AEF28EA3B7700593DCC;
			remoteInfo = LetsGo;
		};
/* End PBXContainerItemProxy section */

/* Begin PBXFileReference section */
		18ABF925E90F109BFB1CA756 /* Pods_LetsGo.framework */ = {isa = PBXFileReference; explicitFileType = wrapper.framework; includeInIndex = 0; path = Pods_LetsGo.framework; sourceTree = BUILT_PRODUCTS_DIR; };
		28836FEA71FC5A77700D263B /* Pods-LetsGoTests.debug.xcconfig */ = {isa = PBXFileReference; includeInIndex = 1; lastKnownFileType = text.xcconfig; name = "Pods-LetsGoTests.debug.xcconfig"; path = "Target Support Files/Pods-LetsGoTests/Pods-LetsGoTests.debug.xcconfig"; sourceTree = "<group>"; };
		69378AF028EA3B7700593DCC /* LetsGo.app */ = {isa = PBXFileReference; explicitFileType = wrapper.application; includeInIndex = 0; path = LetsGo.app; sourceTree = BUILT_PRODUCTS_DIR; };
		69378AF328EA3B7700593DCC /* LetsGoApp.swift */ = {isa = PBXFileReference; lastKnownFileType = sourcecode.swift; path = LetsGoApp.swift; sourceTree = "<group>"; };
		69378AF528EA3B7700593DCC /* MainView.swift */ = {isa = PBXFileReference; lastKnownFileType = sourcecode.swift; path = MainView.swift; sourceTree = "<group>"; };
		69378AF728EA3B7900593DCC /* Assets.xcassets */ = {isa = PBXFileReference; lastKnownFileType = folder.assetcatalog; path = Assets.xcassets; sourceTree = "<group>"; };
		69378B0128EA3B9E00593DCC /* DependencyContainer.swift */ = {isa = PBXFileReference; lastKnownFileType = sourcecode.swift; path = DependencyContainer.swift; sourceTree = "<group>"; };
		69378B0328EA3BF400593DCC /* EntityProtocol .swift */ = {isa = PBXFileReference; lastKnownFileType = sourcecode.swift; path = "EntityProtocol .swift"; sourceTree = "<group>"; };
		69378B0628EA3C5800593DCC /* ExploreView.swift */ = {isa = PBXFileReference; lastKnownFileType = sourcecode.swift; path = ExploreView.swift; sourceTree = "<group>"; };
		69378B0B28EA40E900593DCC /* ScaledFont.swift */ = {isa = PBXFileReference; lastKnownFileType = sourcecode.swift; path = ScaledFont.swift; sourceTree = "<group>"; };
		69378B0D28EA434200593DCC /* Size.swift */ = {isa = PBXFileReference; lastKnownFileType = sourcecode.swift; path = Size.swift; sourceTree = "<group>"; };
		69378B1528EA576100593DCC /* YelpNetworkingService.swift */ = {isa = PBXFileReference; lastKnownFileType = sourcecode.swift; path = YelpNetworkingService.swift; sourceTree = "<group>"; };
		69378B1728EA57C500593DCC /* BusinessModel.swift */ = {isa = PBXFileReference; lastKnownFileType = sourcecode.swift; path = BusinessModel.swift; sourceTree = "<group>"; };
		69378B1928EA614D00593DCC /* Endpoints.swift */ = {isa = PBXFileReference; lastKnownFileType = sourcecode.swift; path = Endpoints.swift; sourceTree = "<group>"; };
		69378B1B28EA677400593DCC /* BussinessSearchReturnModel.swift */ = {isa = PBXFileReference; lastKnownFileType = sourcecode.swift; path = BussinessSearchReturnModel.swift; sourceTree = "<group>"; };
		69378B1D28EA9CE100593DCC /* BusinessListView.swift */ = {isa = PBXFileReference; lastKnownFileType = sourcecode.swift; path = BusinessListView.swift; sourceTree = "<group>"; };
		69378B2328EAA97900593DCC /* RatingStarView.swift */ = {isa = PBXFileReference; lastKnownFileType = sourcecode.swift; path = RatingStarView.swift; sourceTree = "<group>"; };
		69378B2728EAC2D600593DCC /* GoogleService-Info.plist */ = {isa = PBXFileReference; fileEncoding = 4; lastKnownFileType = text.plist.xml; path = "GoogleService-Info.plist"; sourceTree = "<group>"; };
		69378B3128EB3F3B00593DCC /* LocationService.swift */ = {isa = PBXFileReference; lastKnownFileType = sourcecode.swift; path = LocationService.swift; sourceTree = "<group>"; };
		6946DCA628EFA12A00D9CB98 /* LetsGo.entitlements */ = {isa = PBXFileReference; lastKnownFileType = text.plist.entitlements; path = LetsGo.entitlements; sourceTree = "<group>"; };
		6946DCA728EFC86F00D9CB98 /* PhoneLoginView.swift */ = {isa = PBXFileReference; lastKnownFileType = sourcecode.swift; path = PhoneLoginView.swift; sourceTree = "<group>"; };
		6946DCA928EFDDBA00D9CB98 /* FirebaseAuthService.swift */ = {isa = PBXFileReference; lastKnownFileType = sourcecode.swift; path = FirebaseAuthService.swift; sourceTree = "<group>"; };
		694CAC5028EE2AC90061339A /* LetsGoTests.xctest */ = {isa = PBXFileReference; explicitFileType = wrapper.cfbundle; includeInIndex = 0; path = LetsGoTests.xctest; sourceTree = BUILT_PRODUCTS_DIR; };
		694CAC5228EE2AC90061339A /* LetsGoTests.swift */ = {isa = PBXFileReference; lastKnownFileType = sourcecode.swift; path = LetsGoTests.swift; sourceTree = "<group>"; };
		696B424628EBDFC500695C69 /* OpenSans-Bold.ttf */ = {isa = PBXFileReference; lastKnownFileType = file; path = "OpenSans-Bold.ttf"; sourceTree = "<group>"; };
		696B424A28EBDFD700695C69 /* OpenSans-Regular.ttf */ = {isa = PBXFileReference; lastKnownFileType = file; path = "OpenSans-Regular.ttf"; sourceTree = "<group>"; };
		696B424B28EBDFD700695C69 /* OpenSans-SemiBold.ttf */ = {isa = PBXFileReference; lastKnownFileType = file; path = "OpenSans-SemiBold.ttf"; sourceTree = "<group>"; };
		69E577F728F1138A00AA370D /* LocalStorageManager.swift */ = {isa = PBXFileReference; lastKnownFileType = sourcecode.swift; path = LocalStorageManager.swift; sourceTree = "<group>"; };
		9EDBCC07CF2016A4ED88A0A5 /* Pods-LetsGo.debug.xcconfig */ = {isa = PBXFileReference; includeInIndex = 1; lastKnownFileType = text.xcconfig; name = "Pods-LetsGo.debug.xcconfig"; path = "Target Support Files/Pods-LetsGo/Pods-LetsGo.debug.xcconfig"; sourceTree = "<group>"; };
		A3E732CC729F545B8C76F173 /* Pods-LetsGo.release.xcconfig */ = {isa = PBXFileReference; includeInIndex = 1; lastKnownFileType = text.xcconfig; name = "Pods-LetsGo.release.xcconfig"; path = "Target Support Files/Pods-LetsGo/Pods-LetsGo.release.xcconfig"; sourceTree = "<group>"; };
		A9F387D7AA02FA1CF3C12137 /* Pods_LetsGoTests.framework */ = {isa = PBXFileReference; explicitFileType = wrapper.framework; includeInIndex = 0; path = Pods_LetsGoTests.framework; sourceTree = BUILT_PRODUCTS_DIR; };
		F9D40E5F28ED07BC00BCA54B /* Color.swift */ = {isa = PBXFileReference; lastKnownFileType = sourcecode.swift; path = Color.swift; sourceTree = "<group>"; };
		F9D40E6228ED0CF600BCA54B /* Quicksand-Light.ttf */ = {isa = PBXFileReference; lastKnownFileType = file; path = "Quicksand-Light.ttf"; sourceTree = "<group>"; };
		F9D40E6328ED0CF600BCA54B /* Quicksand-Regular.ttf */ = {isa = PBXFileReference; lastKnownFileType = file; path = "Quicksand-Regular.ttf"; sourceTree = "<group>"; };
		F9D40E6428ED0CF600BCA54B /* Quicksand-Bold.ttf */ = {isa = PBXFileReference; lastKnownFileType = file; path = "Quicksand-Bold.ttf"; sourceTree = "<group>"; };
		F9D40E6528ED0CF600BCA54B /* Quicksand-Medium.ttf */ = {isa = PBXFileReference; lastKnownFileType = file; path = "Quicksand-Medium.ttf"; sourceTree = "<group>"; };
		F9D40E6628ED0CF600BCA54B /* Quicksand-SemiBold.ttf */ = {isa = PBXFileReference; lastKnownFileType = file; path = "Quicksand-SemiBold.ttf"; sourceTree = "<group>"; };
		F9D40E6D28ED0F6A00BCA54B /* CategoryModel.swift */ = {isa = PBXFileReference; lastKnownFileType = sourcecode.swift; path = CategoryModel.swift; sourceTree = "<group>"; };
		FE0AED1ABEC0B70D15FF64A1 /* Pods-LetsGoTests.release.xcconfig */ = {isa = PBXFileReference; includeInIndex = 1; lastKnownFileType = text.xcconfig; name = "Pods-LetsGoTests.release.xcconfig"; path = "Target Support Files/Pods-LetsGoTests/Pods-LetsGoTests.release.xcconfig"; sourceTree = "<group>"; };
/* End PBXFileReference section */

/* Begin PBXFrameworksBuildPhase section */
		69378AED28EA3B7700593DCC /* Frameworks */ = {
			isa = PBXFrameworksBuildPhase;
			buildActionMask = 2147483647;
			files = (
				6946DC9B28EF9E8000D9CB98 /* FirebaseMessaging in Frameworks */,
				69378B1328EA572500593DCC /* Alamofire in Frameworks */,
				6946DC8D28EF9E8000D9CB98 /* FirebaseFirestoreSwift in Frameworks */,
				6946DC7728EF9E8000D9CB98 /* FirebaseAnalyticsWithoutAdIdSupport in Frameworks */,
				6946DC8F28EF9E8000D9CB98 /* FirebaseFunctions in Frameworks */,
				6245A558F382DB58A8240378 /* Pods_LetsGo.framework in Frameworks */,
				6946DC7128EF9E8000D9CB98 /* FirebaseAnalytics in Frameworks */,
				6946DC7D28EF9E8000D9CB98 /* FirebaseAuth in Frameworks */,
				6946DC8728EF9E8000D9CB98 /* FirebaseDynamicLinks in Frameworks */,
				6946DC8128EF9E8000D9CB98 /* FirebaseCrashlytics in Frameworks */,
				6946DC9928EF9E8000D9CB98 /* FirebaseMLModelDownloader in Frameworks */,
				6946DC8528EF9E8000D9CB98 /* FirebaseDatabaseSwift in Frameworks */,
				6946DC8928EF9E8000D9CB98 /* FirebaseFirestore in Frameworks */,
				6946DC9728EF9E8000D9CB98 /* FirebaseInstallations in Frameworks */,
				6946DC9128EF9E8000D9CB98 /* FirebaseFunctionsCombine-Community in Frameworks */,
				6946DC8B28EF9E8000D9CB98 /* FirebaseFirestoreCombine-Community in Frameworks */,
				6946DC8328EF9E8000D9CB98 /* FirebaseDatabase in Frameworks */,
				6946DC9D28EF9E8000D9CB98 /* FirebasePerformance in Frameworks */,
				6946DC7928EF9E8000D9CB98 /* FirebaseAppCheck in Frameworks */,
				6946DC7328EF9E8000D9CB98 /* FirebaseAnalyticsOnDeviceConversion in Frameworks */,
				6946DC9528EF9E8000D9CB98 /* FirebaseInAppMessagingSwift-Beta in Frameworks */,
				6946DCA128EF9E8000D9CB98 /* FirebaseRemoteConfigSwift in Frameworks */,
				6946DC7528EF9E8000D9CB98 /* FirebaseAnalyticsSwift in Frameworks */,
				6946DC7B28EF9E8000D9CB98 /* FirebaseAppDistribution-Beta in Frameworks */,
				6946DC9F28EF9E8000D9CB98 /* FirebaseRemoteConfig in Frameworks */,
				6946DCA328EF9E8000D9CB98 /* FirebaseStorage in Frameworks */,
				6946DC7F28EF9E8000D9CB98 /* FirebaseAuthCombine-Community in Frameworks */,
				6946DCA528EF9E8000D9CB98 /* FirebaseStorageCombine-Community in Frameworks */,
				6946DC9328EF9E8000D9CB98 /* FirebaseInAppMessaging-Beta in Frameworks */,
			);
			runOnlyForDeploymentPostprocessing = 0;
		};
		694CAC4D28EE2AC90061339A /* Frameworks */ = {
			isa = PBXFrameworksBuildPhase;
			buildActionMask = 2147483647;
			files = (
				F27C48F0E43B9D5871C3D80A /* Pods_LetsGoTests.framework in Frameworks */,
			);
			runOnlyForDeploymentPostprocessing = 0;
		};
/* End PBXFrameworksBuildPhase section */

/* Begin PBXGroup section */
		34779F09F86977E890457C27 /* Frameworks */ = {
			isa = PBXGroup;
			children = (
				18ABF925E90F109BFB1CA756 /* Pods_LetsGo.framework */,
				A9F387D7AA02FA1CF3C12137 /* Pods_LetsGoTests.framework */,
			);
			name = Frameworks;
			sourceTree = "<group>";
		};
		69378AE728EA3B7700593DCC = {
			isa = PBXGroup;
			children = (
				69378AF228EA3B7700593DCC /* LetsGo */,
				694CAC5128EE2AC90061339A /* LetsGoTests */,
				69378AF128EA3B7700593DCC /* Products */,
				C6BB6957E523FF0F598C5951 /* Pods */,
				34779F09F86977E890457C27 /* Frameworks */,
			);
			sourceTree = "<group>";
		};
		69378AF128EA3B7700593DCC /* Products */ = {
			isa = PBXGroup;
			children = (
				69378AF028EA3B7700593DCC /* LetsGo.app */,
				694CAC5028EE2AC90061339A /* LetsGoTests.xctest */,
			);
			name = Products;
			sourceTree = "<group>";
		};
		69378AF228EA3B7700593DCC /* LetsGo */ = {
			isa = PBXGroup;
			children = (
				6946DCA628EFA12A00D9CB98 /* LetsGo.entitlements */,
				696B424428EBDFA100695C69 /* Fonts */,
				69378B2C28EB3E1D00593DCC /* Views */,
				69378B2A28EB3DF100593DCC /* Models */,
				69378B1428EA572D00593DCC /* Networking */,
				69378B0A28EA40DD00593DCC /* Constants */,
				69378B0528EA3C3C00593DCC /* DependencyContainer */,
				69378AF328EA3B7700593DCC /* LetsGoApp.swift */,
				69378AF728EA3B7900593DCC /* Assets.xcassets */,
				69378B2728EAC2D600593DCC /* GoogleService-Info.plist */,
			);
			path = LetsGo;
			sourceTree = "<group>";
		};
		69378B0528EA3C3C00593DCC /* DependencyContainer */ = {
			isa = PBXGroup;
			children = (
				69378B0328EA3BF400593DCC /* EntityProtocol .swift */,
				69378B0128EA3B9E00593DCC /* DependencyContainer.swift */,
				69378B3128EB3F3B00593DCC /* LocationService.swift */,
				69E577F728F1138A00AA370D /* LocalStorageManager.swift */,
			);
			path = DependencyContainer;
			sourceTree = "<group>";
		};
		69378B0A28EA40DD00593DCC /* Constants */ = {
			isa = PBXGroup;
			children = (
				69378B0B28EA40E900593DCC /* ScaledFont.swift */,
				69378B0D28EA434200593DCC /* Size.swift */,
				F9D40E5F28ED07BC00BCA54B /* Color.swift */,
			);
			path = Constants;
			sourceTree = "<group>";
		};
		69378B1428EA572D00593DCC /* Networking */ = {
			isa = PBXGroup;
			children = (
				69378B1528EA576100593DCC /* YelpNetworkingService.swift */,
				69378B1928EA614D00593DCC /* Endpoints.swift */,
				6946DCA928EFDDBA00D9CB98 /* FirebaseAuthService.swift */,
			);
			path = Networking;
			sourceTree = "<group>";
		};
		69378B2A28EB3DF100593DCC /* Models */ = {
			isa = PBXGroup;
			children = (
				69378B1728EA57C500593DCC /* BusinessModel.swift */,
				69378B1B28EA677400593DCC /* BussinessSearchReturnModel.swift */,
				F9D40E6D28ED0F6A00BCA54B /* CategoryModel.swift */,
			);
			path = Models;
			sourceTree = "<group>";
		};
		69378B2C28EB3E1D00593DCC /* Views */ = {
			isa = PBXGroup;
			children = (
				69378AF528EA3B7700593DCC /* MainView.swift */,
				69378B2E28EB3E2F00593DCC /* Fragment */,
				69378B2D28EB3E2300593DCC /* Full */,
			);
			path = Views;
			sourceTree = "<group>";
		};
		69378B2D28EB3E2300593DCC /* Full */ = {
			isa = PBXGroup;
			children = (
				69378B0628EA3C5800593DCC /* ExploreView.swift */,
				6946DCA728EFC86F00D9CB98 /* PhoneLoginView.swift */,
			);
			path = Full;
			sourceTree = "<group>";
		};
		69378B2E28EB3E2F00593DCC /* Fragment */ = {
			isa = PBXGroup;
			children = (
				69378B1D28EA9CE100593DCC /* BusinessListView.swift */,
				69378B2328EAA97900593DCC /* RatingStarView.swift */,
			);
			path = Fragment;
			sourceTree = "<group>";
		};
		694CAC5128EE2AC90061339A /* LetsGoTests */ = {
			isa = PBXGroup;
			children = (
				694CAC5228EE2AC90061339A /* LetsGoTests.swift */,
			);
			path = LetsGoTests;
			sourceTree = "<group>";
		};
		696B424428EBDFA100695C69 /* Fonts */ = {
			isa = PBXGroup;
			children = (
				F9D40E6128ED0CD900BCA54B /* Quicksand */,
				696B424528EBDFA800695C69 /* OpenSans */,
			);
			path = Fonts;
			sourceTree = "<group>";
		};
		696B424528EBDFA800695C69 /* OpenSans */ = {
			isa = PBXGroup;
			children = (
				696B424A28EBDFD700695C69 /* OpenSans-Regular.ttf */,
				696B424B28EBDFD700695C69 /* OpenSans-SemiBold.ttf */,
				696B424628EBDFC500695C69 /* OpenSans-Bold.ttf */,
			);
			path = OpenSans;
			sourceTree = "<group>";
		};
		C6BB6957E523FF0F598C5951 /* Pods */ = {
			isa = PBXGroup;
			children = (
				9EDBCC07CF2016A4ED88A0A5 /* Pods-LetsGo.debug.xcconfig */,
				A3E732CC729F545B8C76F173 /* Pods-LetsGo.release.xcconfig */,
				28836FEA71FC5A77700D263B /* Pods-LetsGoTests.debug.xcconfig */,
				FE0AED1ABEC0B70D15FF64A1 /* Pods-LetsGoTests.release.xcconfig */,
			);
			path = Pods;
			sourceTree = "<group>";
		};
		F9D40E6128ED0CD900BCA54B /* Quicksand */ = {
			isa = PBXGroup;
			children = (
				F9D40E6428ED0CF600BCA54B /* Quicksand-Bold.ttf */,
				F9D40E6228ED0CF600BCA54B /* Quicksand-Light.ttf */,
				F9D40E6528ED0CF600BCA54B /* Quicksand-Medium.ttf */,
				F9D40E6328ED0CF600BCA54B /* Quicksand-Regular.ttf */,
				F9D40E6628ED0CF600BCA54B /* Quicksand-SemiBold.ttf */,
			);
			path = Quicksand;
			sourceTree = "<group>";
		};
/* End PBXGroup section */

/* Begin PBXNativeTarget section */
		69378AEF28EA3B7700593DCC /* LetsGo */ = {
			isa = PBXNativeTarget;
			buildConfigurationList = 69378AFE28EA3B7900593DCC /* Build configuration list for PBXNativeTarget "LetsGo" */;
			buildPhases = (
				C4AE027026B2B5947CAEA52C /* [CP] Check Pods Manifest.lock */,
				69378AEC28EA3B7700593DCC /* Sources */,
				69378AED28EA3B7700593DCC /* Frameworks */,
				69378AEE28EA3B7700593DCC /* Resources */,
			);
			buildRules = (
			);
			dependencies = (
			);
			name = LetsGo;
			packageProductDependencies = (
				69378B1228EA572500593DCC /* Alamofire */,
				6946DC7028EF9E8000D9CB98 /* FirebaseAnalytics */,
				6946DC7228EF9E8000D9CB98 /* FirebaseAnalyticsOnDeviceConversion */,
				6946DC7428EF9E8000D9CB98 /* FirebaseAnalyticsSwift */,
				6946DC7628EF9E8000D9CB98 /* FirebaseAnalyticsWithoutAdIdSupport */,
				6946DC7828EF9E8000D9CB98 /* FirebaseAppCheck */,
				6946DC7A28EF9E8000D9CB98 /* FirebaseAppDistribution-Beta */,
				6946DC7C28EF9E8000D9CB98 /* FirebaseAuth */,
				6946DC7E28EF9E8000D9CB98 /* FirebaseAuthCombine-Community */,
				6946DC8028EF9E8000D9CB98 /* FirebaseCrashlytics */,
				6946DC8228EF9E8000D9CB98 /* FirebaseDatabase */,
				6946DC8428EF9E8000D9CB98 /* FirebaseDatabaseSwift */,
				6946DC8628EF9E8000D9CB98 /* FirebaseDynamicLinks */,
				6946DC8828EF9E8000D9CB98 /* FirebaseFirestore */,
				6946DC8A28EF9E8000D9CB98 /* FirebaseFirestoreCombine-Community */,
				6946DC8C28EF9E8000D9CB98 /* FirebaseFirestoreSwift */,
				6946DC8E28EF9E8000D9CB98 /* FirebaseFunctions */,
				6946DC9028EF9E8000D9CB98 /* FirebaseFunctionsCombine-Community */,
				6946DC9228EF9E8000D9CB98 /* FirebaseInAppMessaging-Beta */,
				6946DC9428EF9E8000D9CB98 /* FirebaseInAppMessagingSwift-Beta */,
				6946DC9628EF9E8000D9CB98 /* FirebaseInstallations */,
				6946DC9828EF9E8000D9CB98 /* FirebaseMLModelDownloader */,
				6946DC9A28EF9E8000D9CB98 /* FirebaseMessaging */,
				6946DC9C28EF9E8000D9CB98 /* FirebasePerformance */,
				6946DC9E28EF9E8000D9CB98 /* FirebaseRemoteConfig */,
				6946DCA028EF9E8000D9CB98 /* FirebaseRemoteConfigSwift */,
				6946DCA228EF9E8000D9CB98 /* FirebaseStorage */,
				6946DCA428EF9E8000D9CB98 /* FirebaseStorageCombine-Community */,
			);
			productName = LetsGo;
			productReference = 69378AF028EA3B7700593DCC /* LetsGo.app */;
			productType = "com.apple.product-type.application";
		};
		694CAC4F28EE2AC90061339A /* LetsGoTests */ = {
			isa = PBXNativeTarget;
			buildConfigurationList = 694CAC5828EE2AC90061339A /* Build configuration list for PBXNativeTarget "LetsGoTests" */;
			buildPhases = (
				5AFFB382D90A94C6CAEBD134 /* [CP] Check Pods Manifest.lock */,
				694CAC4C28EE2AC90061339A /* Sources */,
				694CAC4D28EE2AC90061339A /* Frameworks */,
				694CAC4E28EE2AC90061339A /* Resources */,
			);
			buildRules = (
			);
			dependencies = (
				694CAC5528EE2AC90061339A /* PBXTargetDependency */,
			);
			name = LetsGoTests;
			productName = LetsGoTests;
			productReference = 694CAC5028EE2AC90061339A /* LetsGoTests.xctest */;
			productType = "com.apple.product-type.bundle.unit-test";
		};
/* End PBXNativeTarget section */

/* Begin PBXProject section */
		69378AE828EA3B7700593DCC /* Project object */ = {
			isa = PBXProject;
			attributes = {
				BuildIndependentTargetsInParallel = 1;
				LastSwiftUpdateCheck = 1400;
				LastUpgradeCheck = 1400;
				TargetAttributes = {
					69378AEF28EA3B7700593DCC = {
						CreatedOnToolsVersion = 14.0.1;
					};
					694CAC4F28EE2AC90061339A = {
						CreatedOnToolsVersion = 14.0.1;
						TestTargetID = 69378AEF28EA3B7700593DCC;
					};
				};
			};
			buildConfigurationList = 69378AEB28EA3B7700593DCC /* Build configuration list for PBXProject "LetsGo" */;
			compatibilityVersion = "Xcode 14.0";
			developmentRegion = en;
			hasScannedForEncodings = 0;
			knownRegions = (
				en,
				Base,
			);
			mainGroup = 69378AE728EA3B7700593DCC;
			packageReferences = (
				69378B1128EA572500593DCC /* XCRemoteSwiftPackageReference "Alamofire" */,
				6946DC6F28EF9E8000D9CB98 /* XCRemoteSwiftPackageReference "firebase-ios-sdk" */,
			);
			productRefGroup = 69378AF128EA3B7700593DCC /* Products */;
			projectDirPath = "";
			projectRoot = "";
			targets = (
				69378AEF28EA3B7700593DCC /* LetsGo */,
				694CAC4F28EE2AC90061339A /* LetsGoTests */,
			);
		};
/* End PBXProject section */

/* Begin PBXResourcesBuildPhase section */
		69378AEE28EA3B7700593DCC /* Resources */ = {
			isa = PBXResourcesBuildPhase;
			buildActionMask = 2147483647;
			files = (
				69378AF828EA3B7900593DCC /* Assets.xcassets in Resources */,
				F9D40E6B28ED0CF600BCA54B /* Quicksand-SemiBold.ttf in Resources */,
				696B425628EBDFD800695C69 /* OpenSans-Regular.ttf in Resources */,
				F9D40E6A28ED0CF600BCA54B /* Quicksand-Medium.ttf in Resources */,
				F9D40E6828ED0CF600BCA54B /* Quicksand-Regular.ttf in Resources */,
				696B425728EBDFD800695C69 /* OpenSans-SemiBold.ttf in Resources */,
				F9D40E6728ED0CF600BCA54B /* Quicksand-Light.ttf in Resources */,
				696B424728EBDFC500695C69 /* OpenSans-Bold.ttf in Resources */,
				69378B2828EAC2D600593DCC /* GoogleService-Info.plist in Resources */,
				F9D40E6928ED0CF600BCA54B /* Quicksand-Bold.ttf in Resources */,
			);
			runOnlyForDeploymentPostprocessing = 0;
		};
		694CAC4E28EE2AC90061339A /* Resources */ = {
			isa = PBXResourcesBuildPhase;
			buildActionMask = 2147483647;
			files = (
			);
			runOnlyForDeploymentPostprocessing = 0;
		};
/* End PBXResourcesBuildPhase section */

/* Begin PBXShellScriptBuildPhase section */
		5AFFB382D90A94C6CAEBD134 /* [CP] Check Pods Manifest.lock */ = {
			isa = PBXShellScriptBuildPhase;
			buildActionMask = 2147483647;
			files = (
			);
			inputFileListPaths = (
			);
			inputPaths = (
				"${PODS_PODFILE_DIR_PATH}/Podfile.lock",
				"${PODS_ROOT}/Manifest.lock",
			);
			name = "[CP] Check Pods Manifest.lock";
			outputFileListPaths = (
			);
			outputPaths = (
				"$(DERIVED_FILE_DIR)/Pods-LetsGoTests-checkManifestLockResult.txt",
			);
			runOnlyForDeploymentPostprocessing = 0;
			shellPath = /bin/sh;
			shellScript = "diff \"${PODS_PODFILE_DIR_PATH}/Podfile.lock\" \"${PODS_ROOT}/Manifest.lock\" > /dev/null\nif [ $? != 0 ] ; then\n    # print error to STDERR\n    echo \"error: The sandbox is not in sync with the Podfile.lock. Run 'pod install' or update your CocoaPods installation.\" >&2\n    exit 1\nfi\n# This output is used by Xcode 'outputs' to avoid re-running this script phase.\necho \"SUCCESS\" > \"${SCRIPT_OUTPUT_FILE_0}\"\n";
			showEnvVarsInLog = 0;
		};
		C4AE027026B2B5947CAEA52C /* [CP] Check Pods Manifest.lock */ = {
			isa = PBXShellScriptBuildPhase;
			buildActionMask = 2147483647;
			files = (
			);
			inputFileListPaths = (
			);
			inputPaths = (
				"${PODS_PODFILE_DIR_PATH}/Podfile.lock",
				"${PODS_ROOT}/Manifest.lock",
			);
			name = "[CP] Check Pods Manifest.lock";
			outputFileListPaths = (
			);
			outputPaths = (
				"$(DERIVED_FILE_DIR)/Pods-LetsGo-checkManifestLockResult.txt",
			);
			runOnlyForDeploymentPostprocessing = 0;
			shellPath = /bin/sh;
			shellScript = "diff \"${PODS_PODFILE_DIR_PATH}/Podfile.lock\" \"${PODS_ROOT}/Manifest.lock\" > /dev/null\nif [ $? != 0 ] ; then\n    # print error to STDERR\n    echo \"error: The sandbox is not in sync with the Podfile.lock. Run 'pod install' or update your CocoaPods installation.\" >&2\n    exit 1\nfi\n# This output is used by Xcode 'outputs' to avoid re-running this script phase.\necho \"SUCCESS\" > \"${SCRIPT_OUTPUT_FILE_0}\"\n";
			showEnvVarsInLog = 0;
		};
/* End PBXShellScriptBuildPhase section */

/* Begin PBXSourcesBuildPhase section */
		69378AEC28EA3B7700593DCC /* Sources */ = {
			isa = PBXSourcesBuildPhase;
			buildActionMask = 2147483647;
			files = (
				69378B0C28EA40E900593DCC /* ScaledFont.swift in Sources */,
				69378B1628EA576100593DCC /* YelpNetworkingService.swift in Sources */,
				69378B0E28EA434200593DCC /* Size.swift in Sources */,
				69378AF628EA3B7700593DCC /* MainView.swift in Sources */,
				6946DCAA28EFDDBA00D9CB98 /* FirebaseAuthService.swift in Sources */,
				69378B1E28EA9CE100593DCC /* BusinessListView.swift in Sources */,
				69378B1A28EA614D00593DCC /* Endpoints.swift in Sources */,
				69378B0228EA3B9E00593DCC /* DependencyContainer.swift in Sources */,
				69378B3228EB3F3B00593DCC /* LocationService.swift in Sources */,
				69E577F828F1138A00AA370D /* LocalStorageManager.swift in Sources */,
				F9D40E6028ED07BC00BCA54B /* Color.swift in Sources */,
				69378B1828EA57C500593DCC /* BusinessModel.swift in Sources */,
				69378B1C28EA677400593DCC /* BussinessSearchReturnModel.swift in Sources */,
				69378B2428EAA97900593DCC /* RatingStarView.swift in Sources */,
				69378AF428EA3B7700593DCC /* LetsGoApp.swift in Sources */,
				F9D40E6E28ED0F6A00BCA54B /* CategoryModel.swift in Sources */,
				69378B0428EA3BF400593DCC /* EntityProtocol .swift in Sources */,
				69378B0728EA3C5800593DCC /* ExploreView.swift in Sources */,
				6946DCA828EFC86F00D9CB98 /* PhoneLoginView.swift in Sources */,
			);
			runOnlyForDeploymentPostprocessing = 0;
		};
		694CAC4C28EE2AC90061339A /* Sources */ = {
			isa = PBXSourcesBuildPhase;
			buildActionMask = 2147483647;
			files = (
				694CAC5328EE2AC90061339A /* LetsGoTests.swift in Sources */,
			);
			runOnlyForDeploymentPostprocessing = 0;
		};
/* End PBXSourcesBuildPhase section */

/* Begin PBXTargetDependency section */
		694CAC5528EE2AC90061339A /* PBXTargetDependency */ = {
			isa = PBXTargetDependency;
			target = 69378AEF28EA3B7700593DCC /* LetsGo */;
			targetProxy = 694CAC5428EE2AC90061339A /* PBXContainerItemProxy */;
		};
/* End PBXTargetDependency section */

/* Begin XCBuildConfiguration section */
		69378AFC28EA3B7900593DCC /* Debug */ = {
			isa = XCBuildConfiguration;
			buildSettings = {
				ALWAYS_SEARCH_USER_PATHS = NO;
				CLANG_ANALYZER_NONNULL = YES;
				CLANG_ANALYZER_NUMBER_OBJECT_CONVERSION = YES_AGGRESSIVE;
				CLANG_CXX_LANGUAGE_STANDARD = "gnu++20";
				CLANG_ENABLE_MODULES = YES;
				CLANG_ENABLE_OBJC_ARC = YES;
				CLANG_ENABLE_OBJC_WEAK = YES;
				CLANG_WARN_BLOCK_CAPTURE_AUTORELEASING = YES;
				CLANG_WARN_BOOL_CONVERSION = YES;
				CLANG_WARN_COMMA = YES;
				CLANG_WARN_CONSTANT_CONVERSION = YES;
				CLANG_WARN_DEPRECATED_OBJC_IMPLEMENTATIONS = YES;
				CLANG_WARN_DIRECT_OBJC_ISA_USAGE = YES_ERROR;
				CLANG_WARN_DOCUMENTATION_COMMENTS = YES;
				CLANG_WARN_EMPTY_BODY = YES;
				CLANG_WARN_ENUM_CONVERSION = YES;
				CLANG_WARN_INFINITE_RECURSION = YES;
				CLANG_WARN_INT_CONVERSION = YES;
				CLANG_WARN_NON_LITERAL_NULL_CONVERSION = YES;
				CLANG_WARN_OBJC_IMPLICIT_RETAIN_SELF = YES;
				CLANG_WARN_OBJC_LITERAL_CONVERSION = YES;
				CLANG_WARN_OBJC_ROOT_CLASS = YES_ERROR;
				CLANG_WARN_QUOTED_INCLUDE_IN_FRAMEWORK_HEADER = YES;
				CLANG_WARN_RANGE_LOOP_ANALYSIS = YES;
				CLANG_WARN_STRICT_PROTOTYPES = YES;
				CLANG_WARN_SUSPICIOUS_MOVE = YES;
				CLANG_WARN_UNGUARDED_AVAILABILITY = YES_AGGRESSIVE;
				CLANG_WARN_UNREACHABLE_CODE = YES;
				CLANG_WARN__DUPLICATE_METHOD_MATCH = YES;
				COPY_PHASE_STRIP = NO;
				DEBUG_INFORMATION_FORMAT = dwarf;
				ENABLE_STRICT_OBJC_MSGSEND = YES;
				ENABLE_TESTABILITY = YES;
				GCC_C_LANGUAGE_STANDARD = gnu11;
				GCC_DYNAMIC_NO_PIC = NO;
				GCC_NO_COMMON_BLOCKS = YES;
				GCC_OPTIMIZATION_LEVEL = 0;
				GCC_PREPROCESSOR_DEFINITIONS = (
					"DEBUG=1",
					"$(inherited)",
				);
				GCC_WARN_64_TO_32_BIT_CONVERSION = YES;
				GCC_WARN_ABOUT_RETURN_TYPE = YES_ERROR;
				GCC_WARN_UNDECLARED_SELECTOR = YES;
				GCC_WARN_UNINITIALIZED_AUTOS = YES_AGGRESSIVE;
				GCC_WARN_UNUSED_FUNCTION = YES;
				GCC_WARN_UNUSED_VARIABLE = YES;
				IPHONEOS_DEPLOYMENT_TARGET = 16.0;
				MTL_ENABLE_DEBUG_INFO = INCLUDE_SOURCE;
				MTL_FAST_MATH = YES;
				ONLY_ACTIVE_ARCH = YES;
				SDKROOT = iphoneos;
				SWIFT_ACTIVE_COMPILATION_CONDITIONS = DEBUG;
				SWIFT_OPTIMIZATION_LEVEL = "-Onone";
			};
			name = Debug;
		};
		69378AFD28EA3B7900593DCC /* Release */ = {
			isa = XCBuildConfiguration;
			buildSettings = {
				ALWAYS_SEARCH_USER_PATHS = NO;
				CLANG_ANALYZER_NONNULL = YES;
				CLANG_ANALYZER_NUMBER_OBJECT_CONVERSION = YES_AGGRESSIVE;
				CLANG_CXX_LANGUAGE_STANDARD = "gnu++20";
				CLANG_ENABLE_MODULES = YES;
				CLANG_ENABLE_OBJC_ARC = YES;
				CLANG_ENABLE_OBJC_WEAK = YES;
				CLANG_WARN_BLOCK_CAPTURE_AUTORELEASING = YES;
				CLANG_WARN_BOOL_CONVERSION = YES;
				CLANG_WARN_COMMA = YES;
				CLANG_WARN_CONSTANT_CONVERSION = YES;
				CLANG_WARN_DEPRECATED_OBJC_IMPLEMENTATIONS = YES;
				CLANG_WARN_DIRECT_OBJC_ISA_USAGE = YES_ERROR;
				CLANG_WARN_DOCUMENTATION_COMMENTS = YES;
				CLANG_WARN_EMPTY_BODY = YES;
				CLANG_WARN_ENUM_CONVERSION = YES;
				CLANG_WARN_INFINITE_RECURSION = YES;
				CLANG_WARN_INT_CONVERSION = YES;
				CLANG_WARN_NON_LITERAL_NULL_CONVERSION = YES;
				CLANG_WARN_OBJC_IMPLICIT_RETAIN_SELF = YES;
				CLANG_WARN_OBJC_LITERAL_CONVERSION = YES;
				CLANG_WARN_OBJC_ROOT_CLASS = YES_ERROR;
				CLANG_WARN_QUOTED_INCLUDE_IN_FRAMEWORK_HEADER = YES;
				CLANG_WARN_RANGE_LOOP_ANALYSIS = YES;
				CLANG_WARN_STRICT_PROTOTYPES = YES;
				CLANG_WARN_SUSPICIOUS_MOVE = YES;
				CLANG_WARN_UNGUARDED_AVAILABILITY = YES_AGGRESSIVE;
				CLANG_WARN_UNREACHABLE_CODE = YES;
				CLANG_WARN__DUPLICATE_METHOD_MATCH = YES;
				COPY_PHASE_STRIP = NO;
				DEBUG_INFORMATION_FORMAT = "dwarf-with-dsym";
				ENABLE_NS_ASSERTIONS = NO;
				ENABLE_STRICT_OBJC_MSGSEND = YES;
				GCC_C_LANGUAGE_STANDARD = gnu11;
				GCC_NO_COMMON_BLOCKS = YES;
				GCC_WARN_64_TO_32_BIT_CONVERSION = YES;
				GCC_WARN_ABOUT_RETURN_TYPE = YES_ERROR;
				GCC_WARN_UNDECLARED_SELECTOR = YES;
				GCC_WARN_UNINITIALIZED_AUTOS = YES_AGGRESSIVE;
				GCC_WARN_UNUSED_FUNCTION = YES;
				GCC_WARN_UNUSED_VARIABLE = YES;
				IPHONEOS_DEPLOYMENT_TARGET = 16.0;
				MTL_ENABLE_DEBUG_INFO = NO;
				MTL_FAST_MATH = YES;
				SDKROOT = iphoneos;
				SWIFT_COMPILATION_MODE = wholemodule;
				SWIFT_OPTIMIZATION_LEVEL = "-O";
				VALIDATE_PRODUCT = YES;
			};
			name = Release;
		};
		69378AFF28EA3B7900593DCC /* Debug */ = {
			isa = XCBuildConfiguration;
			baseConfigurationReference = 9EDBCC07CF2016A4ED88A0A5 /* Pods-LetsGo.debug.xcconfig */;
			buildSettings = {
				ASSETCATALOG_COMPILER_APPICON_NAME = AppIcon;
				ASSETCATALOG_COMPILER_GLOBAL_ACCENT_COLOR_NAME = AccentColor;
				CODE_SIGN_ENTITLEMENTS = LetsGo/LetsGo.entitlements;
				CODE_SIGN_IDENTITY = "Apple Development";
				CODE_SIGN_STYLE = Automatic;
				CURRENT_PROJECT_VERSION = 1;
				DEVELOPMENT_ASSET_PATHS = "";
				DEVELOPMENT_TEAM = 72C98PVW56;
				ENABLE_PREVIEWS = YES;
				GENERATE_INFOPLIST_FILE = YES;
				INFOPLIST_FILE = LetsGo/Info.plist;
				INFOPLIST_KEY_NSLocationWhenInUseUsageDescription = "\"LetsGo needs your location to reccomend places close to you\"";
				INFOPLIST_KEY_UIApplicationSceneManifest_Generation = YES;
				INFOPLIST_KEY_UIApplicationSupportsIndirectInputEvents = YES;
				INFOPLIST_KEY_UILaunchScreen_Generation = YES;
				INFOPLIST_KEY_UISupportedInterfaceOrientations_iPad = "UIInterfaceOrientationPortrait UIInterfaceOrientationPortraitUpsideDown UIInterfaceOrientationLandscapeLeft UIInterfaceOrientationLandscapeRight";
				INFOPLIST_KEY_UISupportedInterfaceOrientations_iPhone = "UIInterfaceOrientationPortrait UIInterfaceOrientationLandscapeLeft UIInterfaceOrientationLandscapeRight";
				LD_RUNPATH_SEARCH_PATHS = (
					"$(inherited)",
					"@executable_path/Frameworks",
				);
				MARKETING_VERSION = 1.3.0;
				PRODUCT_BUNDLE_IDENTIFIER = com.vishal.LetsGo;
				PRODUCT_NAME = "$(TARGET_NAME)";
				PROVISIONING_PROFILE_SPECIFIER = "";
				SWIFT_EMIT_LOC_STRINGS = YES;
				SWIFT_VERSION = 5.0;
				TARGETED_DEVICE_FAMILY = "1,2";
			};
			name = Debug;
		};
		69378B0028EA3B7900593DCC /* Release */ = {
			isa = XCBuildConfiguration;
			baseConfigurationReference = A3E732CC729F545B8C76F173 /* Pods-LetsGo.release.xcconfig */;
			buildSettings = {
				ASSETCATALOG_COMPILER_APPICON_NAME = AppIcon;
				ASSETCATALOG_COMPILER_GLOBAL_ACCENT_COLOR_NAME = AccentColor;
				CODE_SIGN_ENTITLEMENTS = LetsGo/LetsGo.entitlements;
				CODE_SIGN_IDENTITY = "Apple Development";
				"CODE_SIGN_IDENTITY[sdk=iphoneos*]" = "iPhone Distribution";
				CODE_SIGN_STYLE = Manual;
				CURRENT_PROJECT_VERSION = 1;
				DEVELOPMENT_ASSET_PATHS = "";
				DEVELOPMENT_TEAM = "";
				"DEVELOPMENT_TEAM[sdk=iphoneos*]" = 72C98PVW56;
				ENABLE_PREVIEWS = YES;
				GENERATE_INFOPLIST_FILE = YES;
				INFOPLIST_FILE = LetsGo/Info.plist;
				INFOPLIST_KEY_NSLocationWhenInUseUsageDescription = "\"LetsGo needs your location to reccomend places close to you\"";
				INFOPLIST_KEY_UIApplicationSceneManifest_Generation = YES;
				INFOPLIST_KEY_UIApplicationSupportsIndirectInputEvents = YES;
				INFOPLIST_KEY_UILaunchScreen_Generation = YES;
				INFOPLIST_KEY_UISupportedInterfaceOrientations_iPad = "UIInterfaceOrientationPortrait UIInterfaceOrientationPortraitUpsideDown UIInterfaceOrientationLandscapeLeft UIInterfaceOrientationLandscapeRight";
				INFOPLIST_KEY_UISupportedInterfaceOrientations_iPhone = "UIInterfaceOrientationPortrait UIInterfaceOrientationLandscapeLeft UIInterfaceOrientationLandscapeRight";
				LD_RUNPATH_SEARCH_PATHS = (
					"$(inherited)",
					"@executable_path/Frameworks",
				);
				MARKETING_VERSION = 1.3.0;
				PRODUCT_BUNDLE_IDENTIFIER = com.vishal.LetsGo;
				PRODUCT_NAME = "$(TARGET_NAME)";
				PROVISIONING_PROFILE_SPECIFIER = "";
				"PROVISIONING_PROFILE_SPECIFIER[sdk=iphoneos*]" = "match AppStore com.vishal.LetsGo";
				SWIFT_EMIT_LOC_STRINGS = YES;
				SWIFT_VERSION = 5.0;
				TARGETED_DEVICE_FAMILY = "1,2";
			};
			name = Release;
		};
		694CAC5628EE2AC90061339A /* Debug */ = {
			isa = XCBuildConfiguration;
			baseConfigurationReference = 28836FEA71FC5A77700D263B /* Pods-LetsGoTests.debug.xcconfig */;
			buildSettings = {
				BUNDLE_LOADER = "$(TEST_HOST)";
				CODE_SIGN_STYLE = Automatic;
				CURRENT_PROJECT_VERSION = 1;
				DEVELOPMENT_TEAM = 72C98PVW56;
				GENERATE_INFOPLIST_FILE = YES;
				MARKETING_VERSION = 1.0;
				PRODUCT_BUNDLE_IDENTIFIER = com.vishal.LetsGoTests;
				PRODUCT_NAME = "$(TARGET_NAME)";
				SWIFT_EMIT_LOC_STRINGS = NO;
				SWIFT_VERSION = 5.0;
				TARGETED_DEVICE_FAMILY = "1,2";
				TEST_HOST = "$(BUILT_PRODUCTS_DIR)/LetsGo.app/$(BUNDLE_EXECUTABLE_FOLDER_PATH)/LetsGo";
			};
			name = Debug;
		};
		694CAC5728EE2AC90061339A /* Release */ = {
			isa = XCBuildConfiguration;
			baseConfigurationReference = FE0AED1ABEC0B70D15FF64A1 /* Pods-LetsGoTests.release.xcconfig */;
			buildSettings = {
				BUNDLE_LOADER = "$(TEST_HOST)";
				CODE_SIGN_STYLE = Automatic;
				CURRENT_PROJECT_VERSION = 1;
				DEVELOPMENT_TEAM = 72C98PVW56;
				GENERATE_INFOPLIST_FILE = YES;
				MARKETING_VERSION = 1.0;
				PRODUCT_BUNDLE_IDENTIFIER = com.vishal.LetsGoTests;
				PRODUCT_NAME = "$(TARGET_NAME)";
				SWIFT_EMIT_LOC_STRINGS = NO;
				SWIFT_VERSION = 5.0;
				TARGETED_DEVICE_FAMILY = "1,2";
				TEST_HOST = "$(BUILT_PRODUCTS_DIR)/LetsGo.app/$(BUNDLE_EXECUTABLE_FOLDER_PATH)/LetsGo";
			};
			name = Release;
		};
/* End XCBuildConfiguration section */

/* Begin XCConfigurationList section */
		69378AEB28EA3B7700593DCC /* Build configuration list for PBXProject "LetsGo" */ = {
			isa = XCConfigurationList;
			buildConfigurations = (
				69378AFC28EA3B7900593DCC /* Debug */,
				69378AFD28EA3B7900593DCC /* Release */,
			);
			defaultConfigurationIsVisible = 0;
			defaultConfigurationName = Release;
		};
		69378AFE28EA3B7900593DCC /* Build configuration list for PBXNativeTarget "LetsGo" */ = {
			isa = XCConfigurationList;
			buildConfigurations = (
				69378AFF28EA3B7900593DCC /* Debug */,
				69378B0028EA3B7900593DCC /* Release */,
			);
			defaultConfigurationIsVisible = 0;
			defaultConfigurationName = Release;
		};
		694CAC5828EE2AC90061339A /* Build configuration list for PBXNativeTarget "LetsGoTests" */ = {
			isa = XCConfigurationList;
			buildConfigurations = (
				694CAC5628EE2AC90061339A /* Debug */,
				694CAC5728EE2AC90061339A /* Release */,
			);
			defaultConfigurationIsVisible = 0;
			defaultConfigurationName = Release;
		};
/* End XCConfigurationList section */

/* Begin XCRemoteSwiftPackageReference section */
		69378B1128EA572500593DCC /* XCRemoteSwiftPackageReference "Alamofire" */ = {
			isa = XCRemoteSwiftPackageReference;
			repositoryURL = "https://github.com/Alamofire/Alamofire";
			requirement = {
				kind = upToNextMajorVersion;
				minimumVersion = 5.0.0;
			};
		};
		6946DC6F28EF9E8000D9CB98 /* XCRemoteSwiftPackageReference "firebase-ios-sdk" */ = {
			isa = XCRemoteSwiftPackageReference;
			repositoryURL = "https://github.com/firebase/firebase-ios-sdk";
			requirement = {
				kind = upToNextMajorVersion;
				minimumVersion = 9.0.0;
			};
		};
/* End XCRemoteSwiftPackageReference section */

/* Begin XCSwiftPackageProductDependency section */
		69378B1228EA572500593DCC /* Alamofire */ = {
			isa = XCSwiftPackageProductDependency;
			package = 69378B1128EA572500593DCC /* XCRemoteSwiftPackageReference "Alamofire" */;
			productName = Alamofire;
		};
		6946DC7028EF9E8000D9CB98 /* FirebaseAnalytics */ = {
			isa = XCSwiftPackageProductDependency;
			package = 6946DC6F28EF9E8000D9CB98 /* XCRemoteSwiftPackageReference "firebase-ios-sdk" */;
			productName = FirebaseAnalytics;
		};
		6946DC7228EF9E8000D9CB98 /* FirebaseAnalyticsOnDeviceConversion */ = {
			isa = XCSwiftPackageProductDependency;
			package = 6946DC6F28EF9E8000D9CB98 /* XCRemoteSwiftPackageReference "firebase-ios-sdk" */;
			productName = FirebaseAnalyticsOnDeviceConversion;
		};
		6946DC7428EF9E8000D9CB98 /* FirebaseAnalyticsSwift */ = {
			isa = XCSwiftPackageProductDependency;
			package = 6946DC6F28EF9E8000D9CB98 /* XCRemoteSwiftPackageReference "firebase-ios-sdk" */;
			productName = FirebaseAnalyticsSwift;
		};
		6946DC7628EF9E8000D9CB98 /* FirebaseAnalyticsWithoutAdIdSupport */ = {
			isa = XCSwiftPackageProductDependency;
			package = 6946DC6F28EF9E8000D9CB98 /* XCRemoteSwiftPackageReference "firebase-ios-sdk" */;
			productName = FirebaseAnalyticsWithoutAdIdSupport;
		};
		6946DC7828EF9E8000D9CB98 /* FirebaseAppCheck */ = {
			isa = XCSwiftPackageProductDependency;
			package = 6946DC6F28EF9E8000D9CB98 /* XCRemoteSwiftPackageReference "firebase-ios-sdk" */;
			productName = FirebaseAppCheck;
		};
		6946DC7A28EF9E8000D9CB98 /* FirebaseAppDistribution-Beta */ = {
			isa = XCSwiftPackageProductDependency;
			package = 6946DC6F28EF9E8000D9CB98 /* XCRemoteSwiftPackageReference "firebase-ios-sdk" */;
			productName = "FirebaseAppDistribution-Beta";
		};
		6946DC7C28EF9E8000D9CB98 /* FirebaseAuth */ = {
			isa = XCSwiftPackageProductDependency;
			package = 6946DC6F28EF9E8000D9CB98 /* XCRemoteSwiftPackageReference "firebase-ios-sdk" */;
			productName = FirebaseAuth;
		};
		6946DC7E28EF9E8000D9CB98 /* FirebaseAuthCombine-Community */ = {
			isa = XCSwiftPackageProductDependency;
			package = 6946DC6F28EF9E8000D9CB98 /* XCRemoteSwiftPackageReference "firebase-ios-sdk" */;
			productName = "FirebaseAuthCombine-Community";
		};
		6946DC8028EF9E8000D9CB98 /* FirebaseCrashlytics */ = {
			isa = XCSwiftPackageProductDependency;
			package = 6946DC6F28EF9E8000D9CB98 /* XCRemoteSwiftPackageReference "firebase-ios-sdk" */;
			productName = FirebaseCrashlytics;
		};
		6946DC8228EF9E8000D9CB98 /* FirebaseDatabase */ = {
			isa = XCSwiftPackageProductDependency;
			package = 6946DC6F28EF9E8000D9CB98 /* XCRemoteSwiftPackageReference "firebase-ios-sdk" */;
			productName = FirebaseDatabase;
		};
		6946DC8428EF9E8000D9CB98 /* FirebaseDatabaseSwift */ = {
			isa = XCSwiftPackageProductDependency;
			package = 6946DC6F28EF9E8000D9CB98 /* XCRemoteSwiftPackageReference "firebase-ios-sdk" */;
			productName = FirebaseDatabaseSwift;
		};
		6946DC8628EF9E8000D9CB98 /* FirebaseDynamicLinks */ = {
			isa = XCSwiftPackageProductDependency;
			package = 6946DC6F28EF9E8000D9CB98 /* XCRemoteSwiftPackageReference "firebase-ios-sdk" */;
			productName = FirebaseDynamicLinks;
		};
		6946DC8828EF9E8000D9CB98 /* FirebaseFirestore */ = {
			isa = XCSwiftPackageProductDependency;
			package = 6946DC6F28EF9E8000D9CB98 /* XCRemoteSwiftPackageReference "firebase-ios-sdk" */;
			productName = FirebaseFirestore;
		};
		6946DC8A28EF9E8000D9CB98 /* FirebaseFirestoreCombine-Community */ = {
			isa = XCSwiftPackageProductDependency;
			package = 6946DC6F28EF9E8000D9CB98 /* XCRemoteSwiftPackageReference "firebase-ios-sdk" */;
			productName = "FirebaseFirestoreCombine-Community";
		};
		6946DC8C28EF9E8000D9CB98 /* FirebaseFirestoreSwift */ = {
			isa = XCSwiftPackageProductDependency;
			package = 6946DC6F28EF9E8000D9CB98 /* XCRemoteSwiftPackageReference "firebase-ios-sdk" */;
			productName = FirebaseFirestoreSwift;
		};
		6946DC8E28EF9E8000D9CB98 /* FirebaseFunctions */ = {
			isa = XCSwiftPackageProductDependency;
			package = 6946DC6F28EF9E8000D9CB98 /* XCRemoteSwiftPackageReference "firebase-ios-sdk" */;
			productName = FirebaseFunctions;
		};
		6946DC9028EF9E8000D9CB98 /* FirebaseFunctionsCombine-Community */ = {
			isa = XCSwiftPackageProductDependency;
			package = 6946DC6F28EF9E8000D9CB98 /* XCRemoteSwiftPackageReference "firebase-ios-sdk" */;
			productName = "FirebaseFunctionsCombine-Community";
		};
		6946DC9228EF9E8000D9CB98 /* FirebaseInAppMessaging-Beta */ = {
			isa = XCSwiftPackageProductDependency;
			package = 6946DC6F28EF9E8000D9CB98 /* XCRemoteSwiftPackageReference "firebase-ios-sdk" */;
			productName = "FirebaseInAppMessaging-Beta";
		};
		6946DC9428EF9E8000D9CB98 /* FirebaseInAppMessagingSwift-Beta */ = {
			isa = XCSwiftPackageProductDependency;
			package = 6946DC6F28EF9E8000D9CB98 /* XCRemoteSwiftPackageReference "firebase-ios-sdk" */;
			productName = "FirebaseInAppMessagingSwift-Beta";
		};
		6946DC9628EF9E8000D9CB98 /* FirebaseInstallations */ = {
			isa = XCSwiftPackageProductDependency;
			package = 6946DC6F28EF9E8000D9CB98 /* XCRemoteSwiftPackageReference "firebase-ios-sdk" */;
			productName = FirebaseInstallations;
		};
		6946DC9828EF9E8000D9CB98 /* FirebaseMLModelDownloader */ = {
			isa = XCSwiftPackageProductDependency;
			package = 6946DC6F28EF9E8000D9CB98 /* XCRemoteSwiftPackageReference "firebase-ios-sdk" */;
			productName = FirebaseMLModelDownloader;
		};
		6946DC9A28EF9E8000D9CB98 /* FirebaseMessaging */ = {
			isa = XCSwiftPackageProductDependency;
			package = 6946DC6F28EF9E8000D9CB98 /* XCRemoteSwiftPackageReference "firebase-ios-sdk" */;
			productName = FirebaseMessaging;
		};
		6946DC9C28EF9E8000D9CB98 /* FirebasePerformance */ = {
			isa = XCSwiftPackageProductDependency;
			package = 6946DC6F28EF9E8000D9CB98 /* XCRemoteSwiftPackageReference "firebase-ios-sdk" */;
			productName = FirebasePerformance;
		};
		6946DC9E28EF9E8000D9CB98 /* FirebaseRemoteConfig */ = {
			isa = XCSwiftPackageProductDependency;
			package = 6946DC6F28EF9E8000D9CB98 /* XCRemoteSwiftPackageReference "firebase-ios-sdk" */;
			productName = FirebaseRemoteConfig;
		};
		6946DCA028EF9E8000D9CB98 /* FirebaseRemoteConfigSwift */ = {
			isa = XCSwiftPackageProductDependency;
			package = 6946DC6F28EF9E8000D9CB98 /* XCRemoteSwiftPackageReference "firebase-ios-sdk" */;
			productName = FirebaseRemoteConfigSwift;
		};
		6946DCA228EF9E8000D9CB98 /* FirebaseStorage */ = {
			isa = XCSwiftPackageProductDependency;
			package = 6946DC6F28EF9E8000D9CB98 /* XCRemoteSwiftPackageReference "firebase-ios-sdk" */;
			productName = FirebaseStorage;
		};
		6946DCA428EF9E8000D9CB98 /* FirebaseStorageCombine-Community */ = {
			isa = XCSwiftPackageProductDependency;
			package = 6946DC6F28EF9E8000D9CB98 /* XCRemoteSwiftPackageReference "firebase-ios-sdk" */;
			productName = "FirebaseStorageCombine-Community";
		};
/* End XCSwiftPackageProductDependency section */
	};
	rootObject = 69378AE828EA3B7700593DCC /* Project object */;
}
